
Microsoft Visual Studio Solution File, Format Version 12.00
# Visual Studio Version 17
VisualStudioVersion = 17.14.36414.22 d17.14
MinimumVisualStudioVersion = 10.0.40219.1
Project("{FAE04EC0-301F-11D3-BF4B-00C04F79EFBC}") = "Fourth_MVC", "Fourth_MVC\Fourth_MVC.csproj", "{117C6504-F3A4-468E-9A63-36D3BC26CD01}"
EndProject
Global
	GlobalSection(SolutionConfigurationPlatforms) = preSolution
		Debug|Any CPU = Debug|Any CPU
		Release|Any CPU = Release|Any CPU
	EndGlobalSection
	GlobalSection(ProjectConfigurationPlatforms) = postSolution
		{117C6504-F3A4-468E-9A63-36D3BC26CD01}.Debug|Any CPU.ActiveCfg = Debug|Any CPU
		{117C6504-F3A4-468E-9A63-36D3BC26CD01}.Debug|Any CPU.Build.0 = Debug|Any CPU
		{117C6504-F3A4-468E-9A63-36D3BC26CD01}.Release|Any CPU.ActiveCfg = Release|Any CPU
		{117C6504-F3A4-468E-9A63-36D3BC26CD01}.Release|Any CPU.Build.0 = Release|Any CPU
	EndGlobalSection
	GlobalSection(SolutionProperties) = preSolution
		HideSolutionNode = FALSE
	EndGlobalSection
	GlobalSection(ExtensibilityGlobals) = postSolution
		SolutionGuid = {D7709EC1-05B5-48B3-B73F-5A153789AEE0}
	EndGlobalSection
EndGlobal
